
Microsoft Visual Studio Solution File, Format Version 12.00
# Visual Studio Version 17
VisualStudioVersion = 17.5.002.0
MinimumVisualStudioVersion = 10.0.40219.1
Project("{9A19103F-16F7-4668-BE54-9A1E7A4F7556}") = "API", "API.csproj", "{37D0D0F6-C964-4B59-82CA-80CDC2459BE8}"
EndProject
Global
	GlobalSection(SolutionConfigurationPlatforms) = preSolution
		Debug|Any CPU = Debug|Any CPU
		Release|Any CPU = Release|Any CPU
	EndGlobalSection
	GlobalSection(ProjectConfigurationPlatforms) = postSolution
		{37D0D0F6-C964-4B59-82CA-80CDC2459BE8}.Debug|Any CPU.ActiveCfg = Debug|Any CPU
		{37D0D0F6-C964-4B59-82CA-80CDC2459BE8}.Debug|Any CPU.Build.0 = Debug|Any CPU
		{37D0D0F6-C964-4B59-82CA-80CDC2459BE8}.Release|Any CPU.ActiveCfg = Release|Any CPU
		{37D0D0F6-C964-4B59-82CA-80CDC2459BE8}.Release|Any CPU.Build.0 = Release|Any CPU
	EndGlobalSection
	GlobalSection(SolutionProperties) = preSolution
		HideSolutionNode = FALSE
	EndGlobalSection
	GlobalSection(ExtensibilityGlobals) = postSolution
		SolutionGuid = {8C073621-19B6-4618-BCC7-0FCC3A0FB1B4}
	EndGlobalSection
EndGlobal
